
Microsoft Visual Studio Solution File, Format Version 12.00
# Visual Studio Version 17
VisualStudioVersion = 17.0.31919.166
MinimumVisualStudioVersion = 10.0.40219.1
Project("{9A19103F-16F7-4668-BE54-9A1E7A4F7556}") = "MicroRabbit.Domain.Core", "MicroRabbit.Domain.Core\MicroRabbit.Domain.Core.csproj", "{B38DFFF7-F0C4-4917-B118-EE6E47103167}"
EndProject
Project("{2150E333-8FDC-42A3-9474-1A3956D46DE8}") = "Domain", "Domain", "{8083B6D7-D134-406D-BF9F-6A9DFB174E0A}"
EndProject
Project("{2150E333-8FDC-42A3-9474-1A3956D46DE8}") = "Infra.Bus", "Infra.Bus", "{5A321F6C-2F02-4DE9-B251-3600CEF83BD9}"
EndProject
Project("{2150E333-8FDC-42A3-9474-1A3956D46DE8}") = "Infra.IoC", "Infra.IoC", "{ACC3F28B-9CE8-4728-AC16-E9CB03B5171E}"
EndProject
Project("{2150E333-8FDC-42A3-9474-1A3956D46DE8}") = "Microservices", "Microservices", "{F35F8B46-5C09-4BC6-B656-320CEB5F8D17}"
EndProject
Project("{2150E333-8FDC-42A3-9474-1A3956D46DE8}") = "Presentation", "Presentation", "{72029A20-1911-4EE9-997A-7F72B05349D5}"
EndProject
Project("{9A19103F-16F7-4668-BE54-9A1E7A4F7556}") = "MicroRabbit.Infra.Bus", "MicroRabbit.Infra.Bus\MicroRabbit.Infra.Bus.csproj", "{CF2EE511-385F-43F1-90E5-320EEA22839B}"
EndProject
Project("{9A19103F-16F7-4668-BE54-9A1E7A4F7556}") = "MicroRabbit.Infra.IoC", "MicroRabbit.Infra.IoC\MicroRabbit.Infra.IoC.csproj", "{23E65A66-2763-4822-A842-3618F8D766A9}"
EndProject
Project("{2150E333-8FDC-42A3-9474-1A3956D46DE8}") = "Banking", "Banking", "{255E1698-3246-4AEA-8FD8-17163699CE03}"
EndProject
Project("{2150E333-8FDC-42A3-9474-1A3956D46DE8}") = "API", "API", "{F7CC57BE-82F8-4BB9-A27B-22CE661626B3}"
EndProject
Project("{2150E333-8FDC-42A3-9474-1A3956D46DE8}") = "Domain", "Domain", "{DBE254BC-67EA-473E-99CA-2C488B2678E2}"
EndProject
Project("{2150E333-8FDC-42A3-9474-1A3956D46DE8}") = "Application", "Application", "{09BDB429-6CB2-41C4-AB48-3904D590D287}"
EndProject
Project("{2150E333-8FDC-42A3-9474-1A3956D46DE8}") = "Data", "Data", "{4FD7B6A6-AB17-4BDB-9F7E-C22CE8CD2655}"
EndProject
Project("{9A19103F-16F7-4668-BE54-9A1E7A4F7556}") = "MicroRabbit.Banking.Application", "MicroRabbit.Banking.Application\MicroRabbit.Banking.Application.csproj", "{F608FC20-6317-4B61-8A2E-D7786D014DEC}"
EndProject
Project("{9A19103F-16F7-4668-BE54-9A1E7A4F7556}") = "MicroRabbit.Banking.Data", "MicroRabbit.Banking.Data\MicroRabbit.Banking.Data.csproj", "{48EB1B5E-5C71-4004-B62D-AC1B14954562}"
EndProject
Project("{9A19103F-16F7-4668-BE54-9A1E7A4F7556}") = "MicroRabbit.Banking.Domain", "MicroRabbit.Banking.Domain\MicroRabbit.Banking.Domain.csproj", "{27A5258A-3285-48AB-ADC4-129CED4962B9}"
EndProject
Project("{9A19103F-16F7-4668-BE54-9A1E7A4F7556}") = "MicroRabbit.Banking.Api", "MicroRabbit.Banking.Api\MicroRabbit.Banking.Api.csproj", "{3564AFFB-90D4-4868-8671-2CB3D311822F}"
EndProject
Project("{2150E333-8FDC-42A3-9474-1A3956D46DE8}") = "Transfer", "Transfer", "{383594BA-6D41-45E0-8049-2F4E90C582CA}"
EndProject
Project("{2150E333-8FDC-42A3-9474-1A3956D46DE8}") = "API", "API", "{E6EE125F-1D7E-42FB-A9B0-907269D22F57}"
EndProject
Project("{2150E333-8FDC-42A3-9474-1A3956D46DE8}") = "Application", "Application", "{37ED41B1-1E61-40E6-B1A5-69CFB3292803}"
EndProject
Project("{2150E333-8FDC-42A3-9474-1A3956D46DE8}") = "Data", "Data", "{66A18F52-CD99-4128-BE39-C31899361283}"
EndProject
Project("{2150E333-8FDC-42A3-9474-1A3956D46DE8}") = "Domain", "Domain", "{B699950F-235C-4307-9322-FA363D10A1CA}"
EndProject
Project("{9A19103F-16F7-4668-BE54-9A1E7A4F7556}") = "MicroRabbit.Transfer.Api", "MicroRabbit.Transfer.Api\MicroRabbit.Transfer.Api.csproj", "{16A0FEC5-1C5B-418C-BE6C-C9C698F6FABB}"
EndProject
Project("{9A19103F-16F7-4668-BE54-9A1E7A4F7556}") = "MicroRabbit.Transfer.Application", "MicroRabbit.Transfer.Application\MicroRabbit.Transfer.Application.csproj", "{6E16B164-BE82-4DEE-A692-DE26EF3F27EB}"
EndProject
Project("{9A19103F-16F7-4668-BE54-9A1E7A4F7556}") = "MicroRabbit.Transfer.Domain", "MicroRabbit.Transfer.Domain\MicroRabbit.Transfer.Domain.csproj", "{24DF7012-1BF5-4D88-90B3-1475072EE0B2}"
EndProject
Project("{9A19103F-16F7-4668-BE54-9A1E7A4F7556}") = "MicroRabbit.Transfer.Data", "MicroRabbit.Transfer.Data\MicroRabbit.Transfer.Data.csproj", "{9D6AF8AE-E441-4CD7-8A53-4FE57F366CC1}"
EndProject
Project("{FAE04EC0-301F-11D3-BF4B-00C04F79EFBC}") = "MicroRabbit.MVC", "MicroRabbit.MVC\MicroRabbit.MVC.csproj", "{2F22F30C-C5FF-4237-A1AB-9FD7EE68F05B}"
EndProject
Global
	GlobalSection(SolutionConfigurationPlatforms) = preSolution
		Debug|Any CPU = Debug|Any CPU
		Release|Any CPU = Release|Any CPU
	EndGlobalSection
	GlobalSection(ProjectConfigurationPlatforms) = postSolution
		{B38DFFF7-F0C4-4917-B118-EE6E47103167}.Debug|Any CPU.ActiveCfg = Debug|Any CPU
		{B38DFFF7-F0C4-4917-B118-EE6E47103167}.Debug|Any CPU.Build.0 = Debug|Any CPU
		{B38DFFF7-F0C4-4917-B118-EE6E47103167}.Release|Any CPU.ActiveCfg = Release|Any CPU
		{B38DFFF7-F0C4-4917-B118-EE6E47103167}.Release|Any CPU.Build.0 = Release|Any CPU
		{CF2EE511-385F-43F1-90E5-320EEA22839B}.Debug|Any CPU.ActiveCfg = Debug|Any CPU
		{CF2EE511-385F-43F1-90E5-320EEA22839B}.Debug|Any CPU.Build.0 = Debug|Any CPU
		{CF2EE511-385F-43F1-90E5-320EEA22839B}.Release|Any CPU.ActiveCfg = Release|Any CPU
		{CF2EE511-385F-43F1-90E5-320EEA22839B}.Release|Any CPU.Build.0 = Release|Any CPU
		{23E65A66-2763-4822-A842-3618F8D766A9}.Debug|Any CPU.ActiveCfg = Debug|Any CPU
		{23E65A66-2763-4822-A842-3618F8D766A9}.Debug|Any CPU.Build.0 = Debug|Any CPU
		{23E65A66-2763-4822-A842-3618F8D766A9}.Release|Any CPU.ActiveCfg = Release|Any CPU
		{23E65A66-2763-4822-A842-3618F8D766A9}.Release|Any CPU.Build.0 = Release|Any CPU
		{F608FC20-6317-4B61-8A2E-D7786D014DEC}.Debug|Any CPU.ActiveCfg = Debug|Any CPU
		{F608FC20-6317-4B61-8A2E-D7786D014DEC}.Debug|Any CPU.Build.0 = Debug|Any CPU
		{F608FC20-6317-4B61-8A2E-D7786D014DEC}.Release|Any CPU.ActiveCfg = Release|Any CPU
		{F608FC20-6317-4B61-8A2E-D7786D014DEC}.Release|Any CPU.Build.0 = Release|Any CPU
		{48EB1B5E-5C71-4004-B62D-AC1B14954562}.Debug|Any CPU.ActiveCfg = Debug|Any CPU
		{48EB1B5E-5C71-4004-B62D-AC1B14954562}.Debug|Any CPU.Build.0 = Debug|Any CPU
		{48EB1B5E-5C71-4004-B62D-AC1B14954562}.Release|Any CPU.ActiveCfg = Release|Any CPU
		{48EB1B5E-5C71-4004-B62D-AC1B14954562}.Release|Any CPU.Build.0 = Release|Any CPU
		{27A5258A-3285-48AB-ADC4-129CED4962B9}.Debug|Any CPU.ActiveCfg = Debug|Any CPU
		{27A5258A-3285-48AB-ADC4-129CED4962B9}.Debug|Any CPU.Build.0 = Debug|Any CPU
		{27A5258A-3285-48AB-ADC4-129CED4962B9}.Release|Any CPU.ActiveCfg = Release|Any CPU
		{27A5258A-3285-48AB-ADC4-129CED4962B9}.Release|Any CPU.Build.0 = Release|Any CPU
		{3564AFFB-90D4-4868-8671-2CB3D311822F}.Debug|Any CPU.ActiveCfg = Debug|Any CPU
		{3564AFFB-90D4-4868-8671-2CB3D311822F}.Debug|Any CPU.Build.0 = Debug|Any CPU
		{3564AFFB-90D4-4868-8671-2CB3D311822F}.Release|Any CPU.ActiveCfg = Release|Any CPU
		{3564AFFB-90D4-4868-8671-2CB3D311822F}.Release|Any CPU.Build.0 = Release|Any CPU
		{16A0FEC5-1C5B-418C-BE6C-C9C698F6FABB}.Debug|Any CPU.ActiveCfg = Debug|Any CPU
		{16A0FEC5-1C5B-418C-BE6C-C9C698F6FABB}.Debug|Any CPU.Build.0 = Debug|Any CPU
		{16A0FEC5-1C5B-418C-BE6C-C9C698F6FABB}.Release|Any CPU.ActiveCfg = Release|Any CPU
		{16A0FEC5-1C5B-418C-BE6C-C9C698F6FABB}.Release|Any CPU.Build.0 = Release|Any CPU
		{6E16B164-BE82-4DEE-A692-DE26EF3F27EB}.Debug|Any CPU.ActiveCfg = Debug|Any CPU
		{6E16B164-BE82-4DEE-A692-DE26EF3F27EB}.Debug|Any CPU.Build.0 = Debug|Any CPU
		{6E16B164-BE82-4DEE-A692-DE26EF3F27EB}.Release|Any CPU.ActiveCfg = Release|Any CPU
		{6E16B164-BE82-4DEE-A692-DE26EF3F27EB}.Release|Any CPU.Build.0 = Release|Any CPU
		{24DF7012-1BF5-4D88-90B3-1475072EE0B2}.Debug|Any CPU.ActiveCfg = Debug|Any CPU
		{24DF7012-1BF5-4D88-90B3-1475072EE0B2}.Debug|Any CPU.Build.0 = Debug|Any CPU
		{24DF7012-1BF5-4D88-90B3-1475072EE0B2}.Release|Any CPU.ActiveCfg = Release|Any CPU
		{24DF7012-1BF5-4D88-90B3-1475072EE0B2}.Release|Any CPU.Build.0 = Release|Any CPU
		{9D6AF8AE-E441-4CD7-8A53-4FE57F366CC1}.Debug|Any CPU.ActiveCfg = Debug|Any CPU
		{9D6AF8AE-E441-4CD7-8A53-4FE57F366CC1}.Debug|Any CPU.Build.0 = Debug|Any CPU
		{9D6AF8AE-E441-4CD7-8A53-4FE57F366CC1}.Release|Any CPU.ActiveCfg = Release|Any CPU
		{9D6AF8AE-E441-4CD7-8A53-4FE57F366CC1}.Release|Any CPU.Build.0 = Release|Any CPU
		{2F22F30C-C5FF-4237-A1AB-9FD7EE68F05B}.Debug|Any CPU.ActiveCfg = Debug|Any CPU
		{2F22F30C-C5FF-4237-A1AB-9FD7EE68F05B}.Debug|Any CPU.Build.0 = Debug|Any CPU
		{2F22F30C-C5FF-4237-A1AB-9FD7EE68F05B}.Release|Any CPU.ActiveCfg = Release|Any CPU
		{2F22F30C-C5FF-4237-A1AB-9FD7EE68F05B}.Release|Any CPU.Build.0 = Release|Any CPU
	EndGlobalSection
	GlobalSection(SolutionProperties) = preSolution
		HideSolutionNode = FALSE
	EndGlobalSection
	GlobalSection(NestedProjects) = preSolution
		{B38DFFF7-F0C4-4917-B118-EE6E47103167} = {8083B6D7-D134-406D-BF9F-6A9DFB174E0A}
		{CF2EE511-385F-43F1-90E5-320EEA22839B} = {5A321F6C-2F02-4DE9-B251-3600CEF83BD9}
		{23E65A66-2763-4822-A842-3618F8D766A9} = {ACC3F28B-9CE8-4728-AC16-E9CB03B5171E}
		{255E1698-3246-4AEA-8FD8-17163699CE03} = {F35F8B46-5C09-4BC6-B656-320CEB5F8D17}
		{F7CC57BE-82F8-4BB9-A27B-22CE661626B3} = {255E1698-3246-4AEA-8FD8-17163699CE03}
		{DBE254BC-67EA-473E-99CA-2C488B2678E2} = {255E1698-3246-4AEA-8FD8-17163699CE03}
		{09BDB429-6CB2-41C4-AB48-3904D590D287} = {255E1698-3246-4AEA-8FD8-17163699CE03}
		{4FD7B6A6-AB17-4BDB-9F7E-C22CE8CD2655} = {255E1698-3246-4AEA-8FD8-17163699CE03}
		{F608FC20-6317-4B61-8A2E-D7786D014DEC} = {09BDB429-6CB2-41C4-AB48-3904D590D287}
		{48EB1B5E-5C71-4004-B62D-AC1B14954562} = {4FD7B6A6-AB17-4BDB-9F7E-C22CE8CD2655}
		{27A5258A-3285-48AB-ADC4-129CED4962B9} = {DBE254BC-67EA-473E-99CA-2C488B2678E2}
		{3564AFFB-90D4-4868-8671-2CB3D311822F} = {F7CC57BE-82F8-4BB9-A27B-22CE661626B3}
		{383594BA-6D41-45E0-8049-2F4E90C582CA} = {F35F8B46-5C09-4BC6-B656-320CEB5F8D17}
		{E6EE125F-1D7E-42FB-A9B0-907269D22F57} = {383594BA-6D41-45E0-8049-2F4E90C582CA}
		{37ED41B1-1E61-40E6-B1A5-69CFB3292803} = {383594BA-6D41-45E0-8049-2F4E90C582CA}
		{66A18F52-CD99-4128-BE39-C31899361283} = {383594BA-6D41-45E0-8049-2F4E90C582CA}
		{B699950F-235C-4307-9322-FA363D10A1CA} = {383594BA-6D41-45E0-8049-2F4E90C582CA}
		{16A0FEC5-1C5B-418C-BE6C-C9C698F6FABB} = {E6EE125F-1D7E-42FB-A9B0-907269D22F57}
		{6E16B164-BE82-4DEE-A692-DE26EF3F27EB} = {37ED41B1-1E61-40E6-B1A5-69CFB3292803}
		{24DF7012-1BF5-4D88-90B3-1475072EE0B2} = {B699950F-235C-4307-9322-FA363D10A1CA}
		{9D6AF8AE-E441-4CD7-8A53-4FE57F366CC1} = {66A18F52-CD99-4128-BE39-C31899361283}
		{2F22F30C-C5FF-4237-A1AB-9FD7EE68F05B} = {72029A20-1911-4EE9-997A-7F72B05349D5}
	EndGlobalSection
	GlobalSection(ExtensibilityGlobals) = postSolution
		SolutionGuid = {C2C25403-E056-4BF0-9F75-DB2CFE66A7F8}
	EndGlobalSection
EndGlobal
